
Microsoft Visual Studio Solution File, Format Version 12.00
# Visual Studio Version 17
VisualStudioVersion = 17.4.33205.214
MinimumVisualStudioVersion = 10.0.40219.1
Project("{FAE04EC0-301F-11D3-BF4B-00C04F79EFBC}") = "WpfDemo", "WpfDemo\WpfDemo.csproj", "{82731D4F-9313-41E1-A6C2-01A4B00DE4AD}"
EndProject
Global
	GlobalSection(SolutionConfigurationPlatforms) = preSolution
		Debug|Any CPU = Debug|Any CPU
		Release|Any CPU = Release|Any CPU
	EndGlobalSection
	GlobalSection(ProjectConfigurationPlatforms) = postSolution
		{82731D4F-9313-41E1-A6C2-01A4B00DE4AD}.Debug|Any CPU.ActiveCfg = Debug|Any CPU
		{82731D4F-9313-41E1-A6C2-01A4B00DE4AD}.Debug|Any CPU.Build.0 = Debug|Any CPU
		{82731D4F-9313-41E1-A6C2-01A4B00DE4AD}.Release|Any CPU.ActiveCfg = Release|Any CPU
		{82731D4F-9313-41E1-A6C2-01A4B00DE4AD}.Release|Any CPU.Build.0 = Release|Any CPU
	EndGlobalSection
	GlobalSection(SolutionProperties) = preSolution
		HideSolutionNode = FALSE
	EndGlobalSection
	GlobalSection(ExtensibilityGlobals) = postSolution
		SolutionGuid = {7F2B46A4-9671-4ABD-955B-4267FF93546A}
	EndGlobalSection
EndGlobal
